
Microsoft Visual Studio Solution File, Format Version 12.00
# Visual Studio Version 17
VisualStudioVersion = 17.4.33213.308
MinimumVisualStudioVersion = 10.0.40219.1
Project("{FAE04EC0-301F-11D3-BF4B-00C04F79EFBC}") = "Budweg", "Budweg\Budweg.csproj", "{C2FCE015-6349-489F-9048-93F657F124DD}"
EndProject
Global
	GlobalSection(SolutionConfigurationPlatforms) = preSolution
		Debug|Any CPU = Debug|Any CPU
		Release|Any CPU = Release|Any CPU
	EndGlobalSection
	GlobalSection(ProjectConfigurationPlatforms) = postSolution
		{C2FCE015-6349-489F-9048-93F657F124DD}.Debug|Any CPU.ActiveCfg = Debug|Any CPU
		{C2FCE015-6349-489F-9048-93F657F124DD}.Debug|Any CPU.Build.0 = Debug|Any CPU
		{C2FCE015-6349-489F-9048-93F657F124DD}.Release|Any CPU.ActiveCfg = Release|Any CPU
		{C2FCE015-6349-489F-9048-93F657F124DD}.Release|Any CPU.Build.0 = Release|Any CPU
	EndGlobalSection
	GlobalSection(SolutionProperties) = preSolution
		HideSolutionNode = FALSE
	EndGlobalSection
	GlobalSection(ExtensibilityGlobals) = postSolution
		SolutionGuid = {F7C13B80-3AB3-48EC-8468-D04E856065FB}
	EndGlobalSection
EndGlobal
